
Microsoft Visual Studio Solution File, Format Version 12.00
# Visual Studio 14
VisualStudioVersion = 14.0.25420.1
MinimumVisualStudioVersion = 10.0.40219.1
Project("{8BC9CEB8-8B4A-11D0-8D11-00A0C91BC942}") = "Reflection", "Reflection\Reflection.vcxproj", "{CD34F2BD-67E1-4645-854C-74706CE7A345}"
	ProjectSection(ProjectDependencies) = postProject
		{E4F66019-9964-4B86-B538-E10F66124689} = {E4F66019-9964-4B86-B538-E10F66124689}
	EndProjectSection
EndProject
Project("{8BC9CEB8-8B4A-11D0-8D11-00A0C91BC942}") = "Test", "Test\Test.vcxproj", "{E4F6EA81-1F22-4756-B9CD-BFAB05A4764F}"
	ProjectSection(ProjectDependencies) = postProject
		{CD34F2BD-67E1-4645-854C-74706CE7A345} = {CD34F2BD-67E1-4645-854C-74706CE7A345}
	EndProjectSection
EndProject
Project("{8BC9CEB8-8B4A-11D0-8D11-00A0C91BC942}") = "NatsuLib", "NatsuLib\NatsuLib\NatsuLib.vcxproj", "{E4F66019-9964-4B86-B538-E10F66124689}"
EndProject
Global
	GlobalSection(SolutionConfigurationPlatforms) = preSolution
		Debug|x64 = Debug|x64
		Debug|x86 = Debug|x86
		Release|x64 = Release|x64
		Release|x86 = Release|x86
	EndGlobalSection
	GlobalSection(ProjectConfigurationPlatforms) = postSolution
		{CD34F2BD-67E1-4645-854C-74706CE7A345}.Debug|x64.ActiveCfg = Debug|x64
		{CD34F2BD-67E1-4645-854C-74706CE7A345}.Debug|x64.Build.0 = Debug|x64
		{CD34F2BD-67E1-4645-854C-74706CE7A345}.Debug|x86.ActiveCfg = Debug|Win32
		{CD34F2BD-67E1-4645-854C-74706CE7A345}.Debug|x86.Build.0 = Debug|Win32
		{CD34F2BD-67E1-4645-854C-74706CE7A345}.Release|x64.ActiveCfg = Release|x64
		{CD34F2BD-67E1-4645-854C-74706CE7A345}.Release|x64.Build.0 = Release|x64
		{CD34F2BD-67E1-4645-854C-74706CE7A345}.Release|x86.ActiveCfg = Release|Win32
		{CD34F2BD-67E1-4645-854C-74706CE7A345}.Release|x86.Build.0 = Release|Win32
		{E4F6EA81-1F22-4756-B9CD-BFAB05A4764F}.Debug|x64.ActiveCfg = Debug|x64
		{E4F6EA81-1F22-4756-B9CD-BFAB05A4764F}.Debug|x64.Build.0 = Debug|x64
		{E4F6EA81-1F22-4756-B9CD-BFAB05A4764F}.Debug|x86.ActiveCfg = Debug|Win32
		{E4F6EA81-1F22-4756-B9CD-BFAB05A4764F}.Debug|x86.Build.0 = Debug|Win32
		{E4F6EA81-1F22-4756-B9CD-BFAB05A4764F}.Release|x64.ActiveCfg = Release|x64
		{E4F6EA81-1F22-4756-B9CD-BFAB05A4764F}.Release|x64.Build.0 = Release|x64
		{E4F6EA81-1F22-4756-B9CD-BFAB05A4764F}.Release|x86.ActiveCfg = Release|Win32
		{E4F6EA81-1F22-4756-B9CD-BFAB05A4764F}.Release|x86.Build.0 = Release|Win32
		{E4F66019-9964-4B86-B538-E10F66124689}.Debug|x64.ActiveCfg = Debug|x64
		{E4F66019-9964-4B86-B538-E10F66124689}.Debug|x64.Build.0 = Debug|x64
		{E4F66019-9964-4B86-B538-E10F66124689}.Debug|x86.ActiveCfg = Debug|Win32
		{E4F66019-9964-4B86-B538-E10F66124689}.Debug|x86.Build.0 = Debug|Win32
		{E4F66019-9964-4B86-B538-E10F66124689}.Release|x64.ActiveCfg = Release|x64
		{E4F66019-9964-4B86-B538-E10F66124689}.Release|x64.Build.0 = Release|x64
		{E4F66019-9964-4B86-B538-E10F66124689}.Release|x86.ActiveCfg = Release|Win32
		{E4F66019-9964-4B86-B538-E10F66124689}.Release|x86.Build.0 = Release|Win32
	EndGlobalSection
	GlobalSection(SolutionProperties) = preSolution
		HideSolutionNode = FALSE
	EndGlobalSection
EndGlobal
